
Microsoft Visual Studio Solution File, Format Version 12.00
# Visual Studio Version 16
VisualStudioVersion = 16.0.30114.105
MinimumVisualStudioVersion = 10.0.40219.1
Project("{8BC9CEB8-8B4A-11D0-8D11-00A0C91BC942}") = "ConsoleApplication3", "ConsoleApplication3.vcxproj", "{ED6EC7E5-913C-4335-9424-42FA4C75560E}"
EndProject
Global
	GlobalSection(SolutionConfigurationPlatforms) = preSolution
		Debug|x64 = Debug|x64
		Debug|x86 = Debug|x86
		Release|x64 = Release|x64
		Release|x86 = Release|x86
	EndGlobalSection
	GlobalSection(ProjectConfigurationPlatforms) = postSolution
		{ED6EC7E5-913C-4335-9424-42FA4C75560E}.Debug|x64.ActiveCfg = Debug|x64
		{ED6EC7E5-913C-4335-9424-42FA4C75560E}.Debug|x64.Build.0 = Debug|x64
		{ED6EC7E5-913C-4335-9424-42FA4C75560E}.Debug|x86.ActiveCfg = Debug|Win32
		{ED6EC7E5-913C-4335-9424-42FA4C75560E}.Debug|x86.Build.0 = Debug|Win32
		{ED6EC7E5-913C-4335-9424-42FA4C75560E}.Release|x64.ActiveCfg = Release|x64
		{ED6EC7E5-913C-4335-9424-42FA4C75560E}.Release|x64.Build.0 = Release|x64
		{ED6EC7E5-913C-4335-9424-42FA4C75560E}.Release|x86.ActiveCfg = Release|Win32
		{ED6EC7E5-913C-4335-9424-42FA4C75560E}.Release|x86.Build.0 = Release|Win32
	EndGlobalSection
	GlobalSection(SolutionProperties) = preSolution
		HideSolutionNode = FALSE
	EndGlobalSection
	GlobalSection(ExtensibilityGlobals) = postSolution
		SolutionGuid = {B56CB604-0A41-4341-9F6B-C2999156B875}
	EndGlobalSection
EndGlobal
